# Generated by scripts/update-requirements-lock.sh -- do not edit by hand.
# Add or loosen dependencies in requirements.txt, then re-run that script.
Django==6.1.1
Markdown==3.10.3
PyOTP==2.10.0
asgiref==3.12.1
bleach==6.4.0
boto3==1.43.99
botocore==1.43.99
certifi==2026.7.22
cffi==2.1.1
charset-normalizer==3.5.1
cloudpickle==3.1.2
cryptography==50.0.1
diff-match-patch==20241021
django-appconf==1.2.0
django-avatar==9.0.0
django-import-export==4.4.1
django-jazzmin==3.0.1
django-logentry-admin==1.1.0
django-markdownify==0.9.7
django-post_office==3.11.3
django-ses==4.8.0
django-storages==1.14.6
django-vite==3.2.0
dnspython==2.8.0
gunicorn==26.2.0
idna==3.20
jmespath==1.1.0
joblib==1.6.0
narwhals==2.26.0
nh3==0.3.7
numpy==2.5.3
pillow==12.3.0
psycopg2-binary==2.9.13
pycountry==26.2.16
pycparser==3.0
python-dateutil==2.9.0.post0
python-freeipa==1.0.10
qrcode==8.2
requests==2.34.2
ruff==0.16.8
s3transfer==0.19.2
scikit-learn==1.9.1
scipy==1.18.1
sentry-sdk==2.70.0
six==1.17.0
sqlparse==0.6.0
tablib==3.10.0
threadpoolctl==3.7.0
tinycss2==1.5.1
urllib3==2.8.0
valx==0.2.6
webencodings==0.6.1
whitenoise==6.12.0
